# =============================================================================
# de10lite_pins.qsf
# Pin assignments for the I2C-to-SPI bridge on the Terasic DE10-Lite board.
# Append these lines to your project's .qsf file (or paste into the Quartus
# Pin Planner). Voltage standard for GPIO header on DE10-Lite is 3.3V.
# =============================================================================

set_location_assignment PIN_P11 -to MAX10_CLK1_50
set_location_assignment PIN_B8  -to KEY0

set_location_assignment PIN_V10 -to GPIO_0     ; # SDA
set_location_assignment PIN_W10 -to GPIO_1     ; # SCL
set_location_assignment PIN_V9  -to GPIO_2     ; # SCK
set_location_assignment PIN_W9  -to GPIO_3     ; # MOSI
set_location_assignment PIN_V8  -to GPIO_4     ; # MISO
set_location_assignment PIN_W8  -to GPIO_5     ; # CS_N

set_location_assignment PIN_A8  -to LEDR[0]
set_location_assignment PIN_A9  -to LEDR[1]
set_location_assignment PIN_A10 -to LEDR[2]

set_instance_assignment -name IO_STANDARD "3.3-V LVTTL" -to MAX10_CLK1_50
set_instance_assignment -name IO_STANDARD "3.3-V LVTTL" -to KEY0
set_instance_assignment -name IO_STANDARD "3.3-V LVTTL" -to GPIO_0
set_instance_assignment -name IO_STANDARD "3.3-V LVTTL" -to GPIO_1
set_instance_assignment -name IO_STANDARD "3.3-V LVTTL" -to GPIO_2
set_instance_assignment -name IO_STANDARD "3.3-V LVTTL" -to GPIO_3
set_instance_assignment -name IO_STANDARD "3.3-V LVTTL" -to GPIO_4
set_instance_assignment -name IO_STANDARD "3.3-V LVTTL" -to GPIO_5
set_instance_assignment -name IO_STANDARD "3.3-V LVTTL" -to LEDR[0]
set_instance_assignment -name IO_STANDARD "3.3-V LVTTL" -to LEDR[1]
set_instance_assignment -name IO_STANDARD "3.3-V LVTTL" -to LEDR[2]

# IMPORTANT: GPIO_0 (SDA) is open-drain from the FPGA side (see i2c_slave.v),
# but the MAX 10 I/O pin itself is push-pull, not a true open-drain buffer.
# You MUST add an external pull-up resistor (~4.7k to 3.3V) on the SDA line,
# exactly as you would for any I2C bus -- the FPGA only ever drives it low
# or releases it to Hi-Z, it never drives it high.
